
Microsoft Visual Studio Solution File, Format Version 12.00
# Visual Studio 15
VisualStudioVersion = 15.0.28307.779
MinimumVisualStudioVersion = 10.0.40219.1
Project("{FAE04EC0-301F-11D3-BF4B-00C04F79EFBC}") = "№001", "№1\№001.csproj", "{187A3FBB-67A7-4C8C-9855-3F32BA42C812}"
EndProject
Project("{FAE04EC0-301F-11D3-BF4B-00C04F79EFBC}") = "№002", "№2\№002.csproj", "{F8AEB9FD-5EBC-47DC-85EA-B55C886BC358}"
EndProject
Project("{FAE04EC0-301F-11D3-BF4B-00C04F79EFBC}") = "№003", "№3\№003.csproj", "{FD99A2DE-B821-4BE5-9434-9BCE84DF5CA0}"
EndProject
Project("{FAE04EC0-301F-11D3-BF4B-00C04F79EFBC}") = "№004", "№4\№004.csproj", "{803D8F79-F456-4CBC-9C88-30044C0773F2}"
EndProject
Project("{FAE04EC0-301F-11D3-BF4B-00C04F79EFBC}") = "№005", "№5\№005.csproj", "{27C4F8EC-BB21-4932-B68D-D20551598907}"
EndProject
Project("{FAE04EC0-301F-11D3-BF4B-00C04F79EFBC}") = "№006", "№6\№006.csproj", "{CA3E54BC-06A1-46AE-BB25-967EE061B800}"
EndProject
Project("{FAE04EC0-301F-11D3-BF4B-00C04F79EFBC}") = "№007", "№7\№007.csproj", "{73A53248-1CC4-4925-B06C-CDC21DD5DD1D}"
EndProject
Project("{FAE04EC0-301F-11D3-BF4B-00C04F79EFBC}") = "№008", "№8\№008.csproj", "{0A96CFC6-0791-43FB-BFD0-E37AB3F72D9F}"
EndProject
Project("{FAE04EC0-301F-11D3-BF4B-00C04F79EFBC}") = "№009", "№009\№009.csproj", "{14D7E18D-9086-46E9-B0A5-15075FC9D84B}"
EndProject
Project("{FAE04EC0-301F-11D3-BF4B-00C04F79EFBC}") = "№010", "№010\№010.csproj", "{9D2FB0D7-EE26-4FDA-83B1-DADC1B807075}"
EndProject
Project("{FAE04EC0-301F-11D3-BF4B-00C04F79EFBC}") = "№011", "№011\№011.csproj", "{51A8CEAF-2B17-4D10-BFB4-93820B9DD29F}"
EndProject
Project("{FAE04EC0-301F-11D3-BF4B-00C04F79EFBC}") = "№012", "№012\№012.csproj", "{7FB001B0-8AD0-45BF-A37F-AE8C2F6F0441}"
EndProject
Project("{FAE04EC0-301F-11D3-BF4B-00C04F79EFBC}") = "№013", "№013\№013.csproj", "{ABA19AD6-9483-4A09-9F7C-BFC702C7A94D}"
EndProject
Project("{FAE04EC0-301F-11D3-BF4B-00C04F79EFBC}") = "№014", "№014\№014.csproj", "{AAC1D6AA-31F0-4ABA-A978-FCD6E1B80EAF}"
EndProject
Project("{FAE04EC0-301F-11D3-BF4B-00C04F79EFBC}") = "№015", "№015\№015.csproj", "{DBC464E8-ED62-43A8-8F79-59FD1BEB3B2E}"
EndProject
Project("{FAE04EC0-301F-11D3-BF4B-00C04F79EFBC}") = "№016", "№016\№016.csproj", "{DA717646-0D5D-41C3-B588-4D19DD3BC509}"
EndProject
Project("{FAE04EC0-301F-11D3-BF4B-00C04F79EFBC}") = "№017", "№017\№017.csproj", "{A06E28D6-7067-4791-B2AF-D700DF859672}"
EndProject
Project("{FAE04EC0-301F-11D3-BF4B-00C04F79EFBC}") = "№018", "№018\№018.csproj", "{9ED41088-5F27-4087-B5C5-5C145A77FF9D}"
EndProject
Project("{FAE04EC0-301F-11D3-BF4B-00C04F79EFBC}") = "№019", "№019\№019.csproj", "{48A0F709-2ADD-4AFA-BF4F-F410555E0AF6}"
EndProject
Global
	GlobalSection(SolutionConfigurationPlatforms) = preSolution
		Debug|Any CPU = Debug|Any CPU
		Release|Any CPU = Release|Any CPU
	EndGlobalSection
	GlobalSection(ProjectConfigurationPlatforms) = postSolution
		{187A3FBB-67A7-4C8C-9855-3F32BA42C812}.Debug|Any CPU.ActiveCfg = Debug|Any CPU
		{187A3FBB-67A7-4C8C-9855-3F32BA42C812}.Debug|Any CPU.Build.0 = Debug|Any CPU
		{187A3FBB-67A7-4C8C-9855-3F32BA42C812}.Release|Any CPU.ActiveCfg = Release|Any CPU
		{187A3FBB-67A7-4C8C-9855-3F32BA42C812}.Release|Any CPU.Build.0 = Release|Any CPU
		{F8AEB9FD-5EBC-47DC-85EA-B55C886BC358}.Debug|Any CPU.ActiveCfg = Debug|Any CPU
		{F8AEB9FD-5EBC-47DC-85EA-B55C886BC358}.Debug|Any CPU.Build.0 = Debug|Any CPU
		{F8AEB9FD-5EBC-47DC-85EA-B55C886BC358}.Release|Any CPU.ActiveCfg = Release|Any CPU
		{F8AEB9FD-5EBC-47DC-85EA-B55C886BC358}.Release|Any CPU.Build.0 = Release|Any CPU
		{FD99A2DE-B821-4BE5-9434-9BCE84DF5CA0}.Debug|Any CPU.ActiveCfg = Debug|Any CPU
		{FD99A2DE-B821-4BE5-9434-9BCE84DF5CA0}.Debug|Any CPU.Build.0 = Debug|Any CPU
		{FD99A2DE-B821-4BE5-9434-9BCE84DF5CA0}.Release|Any CPU.ActiveCfg = Release|Any CPU
		{FD99A2DE-B821-4BE5-9434-9BCE84DF5CA0}.Release|Any CPU.Build.0 = Release|Any CPU
		{803D8F79-F456-4CBC-9C88-30044C0773F2}.Debug|Any CPU.ActiveCfg = Debug|Any CPU
		{803D8F79-F456-4CBC-9C88-30044C0773F2}.Debug|Any CPU.Build.0 = Debug|Any CPU
		{803D8F79-F456-4CBC-9C88-30044C0773F2}.Release|Any CPU.ActiveCfg = Release|Any CPU
		{803D8F79-F456-4CBC-9C88-30044C0773F2}.Release|Any CPU.Build.0 = Release|Any CPU
		{27C4F8EC-BB21-4932-B68D-D20551598907}.Debug|Any CPU.ActiveCfg = Debug|Any CPU
		{27C4F8EC-BB21-4932-B68D-D20551598907}.Debug|Any CPU.Build.0 = Debug|Any CPU
		{27C4F8EC-BB21-4932-B68D-D20551598907}.Release|Any CPU.ActiveCfg = Release|Any CPU
		{27C4F8EC-BB21-4932-B68D-D20551598907}.Release|Any CPU.Build.0 = Release|Any CPU
		{CA3E54BC-06A1-46AE-BB25-967EE061B800}.Debug|Any CPU.ActiveCfg = Debug|Any CPU
		{CA3E54BC-06A1-46AE-BB25-967EE061B800}.Debug|Any CPU.Build.0 = Debug|Any CPU
		{CA3E54BC-06A1-46AE-BB25-967EE061B800}.Release|Any CPU.ActiveCfg = Release|Any CPU
		{CA3E54BC-06A1-46AE-BB25-967EE061B800}.Release|Any CPU.Build.0 = Release|Any CPU
		{73A53248-1CC4-4925-B06C-CDC21DD5DD1D}.Debug|Any CPU.ActiveCfg = Debug|Any CPU
		{73A53248-1CC4-4925-B06C-CDC21DD5DD1D}.Debug|Any CPU.Build.0 = Debug|Any CPU
		{73A53248-1CC4-4925-B06C-CDC21DD5DD1D}.Release|Any CPU.ActiveCfg = Release|Any CPU
		{73A53248-1CC4-4925-B06C-CDC21DD5DD1D}.Release|Any CPU.Build.0 = Release|Any CPU
		{0A96CFC6-0791-43FB-BFD0-E37AB3F72D9F}.Debug|Any CPU.ActiveCfg = Debug|Any CPU
		{0A96CFC6-0791-43FB-BFD0-E37AB3F72D9F}.Debug|Any CPU.Build.0 = Debug|Any CPU
		{0A96CFC6-0791-43FB-BFD0-E37AB3F72D9F}.Release|Any CPU.ActiveCfg = Release|Any CPU
		{0A96CFC6-0791-43FB-BFD0-E37AB3F72D9F}.Release|Any CPU.Build.0 = Release|Any CPU
		{14D7E18D-9086-46E9-B0A5-15075FC9D84B}.Debug|Any CPU.ActiveCfg = Debug|Any CPU
		{14D7E18D-9086-46E9-B0A5-15075FC9D84B}.Debug|Any CPU.Build.0 = Debug|Any CPU
		{14D7E18D-9086-46E9-B0A5-15075FC9D84B}.Release|Any CPU.ActiveCfg = Release|Any CPU
		{14D7E18D-9086-46E9-B0A5-15075FC9D84B}.Release|Any CPU.Build.0 = Release|Any CPU
		{9D2FB0D7-EE26-4FDA-83B1-DADC1B807075}.Debug|Any CPU.ActiveCfg = Debug|Any CPU
		{9D2FB0D7-EE26-4FDA-83B1-DADC1B807075}.Debug|Any CPU.Build.0 = Debug|Any CPU
		{9D2FB0D7-EE26-4FDA-83B1-DADC1B807075}.Release|Any CPU.ActiveCfg = Release|Any CPU
		{9D2FB0D7-EE26-4FDA-83B1-DADC1B807075}.Release|Any CPU.Build.0 = Release|Any CPU
		{51A8CEAF-2B17-4D10-BFB4-93820B9DD29F}.Debug|Any CPU.ActiveCfg = Debug|Any CPU
		{51A8CEAF-2B17-4D10-BFB4-93820B9DD29F}.Debug|Any CPU.Build.0 = Debug|Any CPU
		{51A8CEAF-2B17-4D10-BFB4-93820B9DD29F}.Release|Any CPU.ActiveCfg = Release|Any CPU
		{51A8CEAF-2B17-4D10-BFB4-93820B9DD29F}.Release|Any CPU.Build.0 = Release|Any CPU
		{7FB001B0-8AD0-45BF-A37F-AE8C2F6F0441}.Debug|Any CPU.ActiveCfg = Debug|Any CPU
		{7FB001B0-8AD0-45BF-A37F-AE8C2F6F0441}.Debug|Any CPU.Build.0 = Debug|Any CPU
		{7FB001B0-8AD0-45BF-A37F-AE8C2F6F0441}.Release|Any CPU.ActiveCfg = Release|Any CPU
		{7FB001B0-8AD0-45BF-A37F-AE8C2F6F0441}.Release|Any CPU.Build.0 = Release|Any CPU
		{ABA19AD6-9483-4A09-9F7C-BFC702C7A94D}.Debug|Any CPU.ActiveCfg = Debug|Any CPU
		{ABA19AD6-9483-4A09-9F7C-BFC702C7A94D}.Debug|Any CPU.Build.0 = Debug|Any CPU
		{ABA19AD6-9483-4A09-9F7C-BFC702C7A94D}.Release|Any CPU.ActiveCfg = Release|Any CPU
		{ABA19AD6-9483-4A09-9F7C-BFC702C7A94D}.Release|Any CPU.Build.0 = Release|Any CPU
		{AAC1D6AA-31F0-4ABA-A978-FCD6E1B80EAF}.Debug|Any CPU.ActiveCfg = Debug|Any CPU
		{AAC1D6AA-31F0-4ABA-A978-FCD6E1B80EAF}.Debug|Any CPU.Build.0 = Debug|Any CPU
		{AAC1D6AA-31F0-4ABA-A978-FCD6E1B80EAF}.Release|Any CPU.ActiveCfg = Release|Any CPU
		{AAC1D6AA-31F0-4ABA-A978-FCD6E1B80EAF}.Release|Any CPU.Build.0 = Release|Any CPU
		{DBC464E8-ED62-43A8-8F79-59FD1BEB3B2E}.Debug|Any CPU.ActiveCfg = Debug|Any CPU
		{DBC464E8-ED62-43A8-8F79-59FD1BEB3B2E}.Debug|Any CPU.Build.0 = Debug|Any CPU
		{DBC464E8-ED62-43A8-8F79-59FD1BEB3B2E}.Release|Any CPU.ActiveCfg = Release|Any CPU
		{DBC464E8-ED62-43A8-8F79-59FD1BEB3B2E}.Release|Any CPU.Build.0 = Release|Any CPU
		{DA717646-0D5D-41C3-B588-4D19DD3BC509}.Debug|Any CPU.ActiveCfg = Debug|Any CPU
		{DA717646-0D5D-41C3-B588-4D19DD3BC509}.Debug|Any CPU.Build.0 = Debug|Any CPU
		{DA717646-0D5D-41C3-B588-4D19DD3BC509}.Release|Any CPU.ActiveCfg = Release|Any CPU
		{DA717646-0D5D-41C3-B588-4D19DD3BC509}.Release|Any CPU.Build.0 = Release|Any CPU
		{A06E28D6-7067-4791-B2AF-D700DF859672}.Debug|Any CPU.ActiveCfg = Debug|Any CPU
		{A06E28D6-7067-4791-B2AF-D700DF859672}.Debug|Any CPU.Build.0 = Debug|Any CPU
		{A06E28D6-7067-4791-B2AF-D700DF859672}.Release|Any CPU.ActiveCfg = Release|Any CPU
		{A06E28D6-7067-4791-B2AF-D700DF859672}.Release|Any CPU.Build.0 = Release|Any CPU
		{9ED41088-5F27-4087-B5C5-5C145A77FF9D}.Debug|Any CPU.ActiveCfg = Debug|Any CPU
		{9ED41088-5F27-4087-B5C5-5C145A77FF9D}.Debug|Any CPU.Build.0 = Debug|Any CPU
		{9ED41088-5F27-4087-B5C5-5C145A77FF9D}.Release|Any CPU.ActiveCfg = Release|Any CPU
		{9ED41088-5F27-4087-B5C5-5C145A77FF9D}.Release|Any CPU.Build.0 = Release|Any CPU
		{48A0F709-2ADD-4AFA-BF4F-F410555E0AF6}.Debug|Any CPU.ActiveCfg = Debug|Any CPU
		{48A0F709-2ADD-4AFA-BF4F-F410555E0AF6}.Debug|Any CPU.Build.0 = Debug|Any CPU
		{48A0F709-2ADD-4AFA-BF4F-F410555E0AF6}.Release|Any CPU.ActiveCfg = Release|Any CPU
		{48A0F709-2ADD-4AFA-BF4F-F410555E0AF6}.Release|Any CPU.Build.0 = Release|Any CPU
	EndGlobalSection
	GlobalSection(SolutionProperties) = preSolution
		HideSolutionNode = FALSE
	EndGlobalSection
	GlobalSection(ExtensibilityGlobals) = postSolution
		SolutionGuid = {5F5B0041-9130-4B62-9CDC-BA64CEE32E58}
	EndGlobalSection
EndGlobal
